// !$*UTF8*$!
{
	archiveVersion = 1;
	classes = {
	};
	objectVersion = 77;
	objects = {

/* Begin PBXBuildFile section */
		AB0BC5FB2DB432BE007058EA /* LoginView.swift in Sources */ = {isa = PBXBuildFile; fileRef = AB0BC5FA2DB432BE007058EA /* LoginView.swift */; };
		AB0BC5FD2DB810AF007058EA /* SocialLoginButton.swift in Sources */ = {isa = PBXBuildFile; fileRef = AB0BC5FC2DB810AF007058EA /* SocialLoginButton.swift */; };
		AB3BBBFC2D84BF3E001434F2 /* ExploreViewModel.swift in Sources */ = {isa = PBXBuildFile; fileRef = AB3BBBFB2D84BF3E001434F2 /* ExploreViewModel.swift */; };
		AB3BBBFE2D84C37B001434F2 /* ExploreService.swift in Sources */ = {isa = PBXBuildFile; fileRef = AB3BBBFD2D84C37B001434F2 /* ExploreService.swift */; };
		AB81536E2DA9B414008157E6 /* User.swift in Sources */ = {isa = PBXBuildFile; fileRef = AB81536D2DA9B414008157E6 /* User.swift */; };
		AB8153702DAAB69A008157E6 /* AuthViewModel.swift in Sources */ = {isa = PBXBuildFile; fileRef = AB81536F2DAAB69A008157E6 /* AuthViewModel.swift */; };
		AB849BF12DA01EB80000454D /* ListingMapView.swift in Sources */ = {isa = PBXBuildFile; fileRef = AB849BF02DA01EB80000454D /* ListingMapView.swift */; };
		ABAFC9A52D7B6F83003BCD78 /* README.md in Resources */ = {isa = PBXBuildFile; fileRef = ABAFC9A42D7B6F83003BCD78 /* README.md */; };
		ABAFC9A72D7B6FDA003BCD78 /* ProfileView.swift in Sources */ = {isa = PBXBuildFile; fileRef = ABAFC9A62D7B6FDA003BCD78 /* ProfileView.swift */; };
		ABAFC9A92D7B7473003BCD78 /* ProfileOptionRowView.swift in Sources */ = {isa = PBXBuildFile; fileRef = ABAFC9A82D7B7473003BCD78 /* ProfileOptionRowView.swift */; };
		ABAFC9AB2D7B795B003BCD78 /* WishlistView.swift in Sources */ = {isa = PBXBuildFile; fileRef = ABAFC9AA2D7B795B003BCD78 /* WishlistView.swift */; };
		ABAFC9AD2D7B7D46003BCD78 /* PrimaryLoginButtonView.swift in Sources */ = {isa = PBXBuildFile; fileRef = ABAFC9AC2D7B7D46003BCD78 /* PrimaryLoginButtonView.swift */; };
		ABAFC9AF2D7CCAB8003BCD78 /* MainTabView.swift in Sources */ = {isa = PBXBuildFile; fileRef = ABAFC9AE2D7CCAB8003BCD78 /* MainTabView.swift */; };
		ABAFC9B52D7CD2DA003BCD78 /* Listing.swift in Sources */ = {isa = PBXBuildFile; fileRef = ABAFC9B42D7CD2DA003BCD78 /* Listing.swift */; };
		ABAFC9B72D81AB4B003BCD78 /* DeveloperPreview.swift in Sources */ = {isa = PBXBuildFile; fileRef = ABAFC9B62D81AB4B003BCD78 /* DeveloperPreview.swift */; };
		ABC3ECB02D9AAA2C009B5A16 /* DateExtensions.swift in Sources */ = {isa = PBXBuildFile; fileRef = ABC3ECAF2D9AAA21009B5A16 /* DateExtensions.swift */; };
		ABC3ECB52D9CA90C009B5A16 /* ListingExtensions.swift in Sources */ = {isa = PBXBuildFile; fileRef = ABC3ECB42D9CA90C009B5A16 /* ListingExtensions.swift */; };
		ABCF860C2D70A7E200872850 /* Preview Assets.xcassets in Resources */ = {isa = PBXBuildFile; fileRef = ABCF86062D70A7E200872850 /* Preview Assets.xcassets */; };
		ABCF860D2D70A7E200872850 /* Assets.xcassets in Resources */ = {isa = PBXBuildFile; fileRef = ABCF86092D70A7E200872850 /* Assets.xcassets */; };
		ABCF860E2D70A7E200872850 /* AirbnbTutorialApp.swift in Sources */ = {isa = PBXBuildFile; fileRef = ABCF86082D70A7E200872850 /* AirbnbTutorialApp.swift */; };
		ABCF860F2D70A7E200872850 /* ContentView.swift in Sources */ = {isa = PBXBuildFile; fileRef = ABCF860A2D70A7E200872850 /* ContentView.swift */; };
		ABCF861F2D70A98400872850 /* ExploreView.swift in Sources */ = {isa = PBXBuildFile; fileRef = ABCF861E2D70A98400872850 /* ExploreView.swift */; };
		ABCF86212D72453500872850 /* ListingItemView.swift in Sources */ = {isa = PBXBuildFile; fileRef = ABCF86202D72453500872850 /* ListingItemView.swift */; };
		ABCF86232D738E0500872850 /* SearchAndFilterBar.swift in Sources */ = {isa = PBXBuildFile; fileRef = ABCF86222D738E0500872850 /* SearchAndFilterBar.swift */; };
		ABCF86252D74FE5A00872850 /* ListingDetailView.swift in Sources */ = {isa = PBXBuildFile; fileRef = ABCF86242D74FE5A00872850 /* ListingDetailView.swift */; };
		ABCF86282D74FF5900872850 /* ListingImageCarouselView.swift in Sources */ = {isa = PBXBuildFile; fileRef = ABCF86272D74FF5900872850 /* ListingImageCarouselView.swift */; };
		ABCF862A2D7502FD00872850 /* RatingView.swift in Sources */ = {isa = PBXBuildFile; fileRef = ABCF86292D7502FD00872850 /* RatingView.swift */; };
		ABCF862C2D778CBC00872850 /* DestinationSearchView.swift in Sources */ = {isa = PBXBuildFile; fileRef = ABCF862B2D778CBC00872850 /* DestinationSearchView.swift */; };
/* End PBXBuildFile section */

/* Begin PBXFileReference section */
		AB0BC5FA2DB432BE007058EA /* LoginView.swift */ = {isa = PBXFileReference; lastKnownFileType = sourcecode.swift; path = LoginView.swift; sourceTree = "<group>"; };
		AB0BC5FC2DB810AF007058EA /* SocialLoginButton.swift */ = {isa = PBXFileReference; lastKnownFileType = sourcecode.swift; path = SocialLoginButton.swift; sourceTree = "<group>"; };
		AB3BBBFB2D84BF3E001434F2 /* ExploreViewModel.swift */ = {isa = PBXFileReference; lastKnownFileType = sourcecode.swift; path = ExploreViewModel.swift; sourceTree = "<group>"; };
		AB3BBBFD2D84C37B001434F2 /* ExploreService.swift */ = {isa = PBXFileReference; lastKnownFileType = sourcecode.swift; path = ExploreService.swift; sourceTree = "<group>"; };
		AB81536D2DA9B414008157E6 /* User.swift */ = {isa = PBXFileReference; lastKnownFileType = sourcecode.swift; path = User.swift; sourceTree = "<group>"; };
		AB81536F2DAAB69A008157E6 /* AuthViewModel.swift */ = {isa = PBXFileReference; lastKnownFileType = sourcecode.swift; path = AuthViewModel.swift; sourceTree = "<group>"; };
		AB849BF02DA01EB80000454D /* ListingMapView.swift */ = {isa = PBXFileReference; lastKnownFileType = sourcecode.swift; path = ListingMapView.swift; sourceTree = "<group>"; };
		ABAFC9A42D7B6F83003BCD78 /* README.md */ = {isa = PBXFileReference; lastKnownFileType = net.daringfireball.markdown; path = README.md; sourceTree = "<group>"; };
		ABAFC9A62D7B6FDA003BCD78 /* ProfileView.swift */ = {isa = PBXFileReference; lastKnownFileType = sourcecode.swift; path = ProfileView.swift; sourceTree = "<group>"; };
		ABAFC9A82D7B7473003BCD78 /* ProfileOptionRowView.swift */ = {isa = PBXFileReference; lastKnownFileType = sourcecode.swift; path = ProfileOptionRowView.swift; sourceTree = "<group>"; };
		ABAFC9AA2D7B795B003BCD78 /* WishlistView.swift */ = {isa = PBXFileReference; lastKnownFileType = sourcecode.swift; path = WishlistView.swift; sourceTree = "<group>"; };
		ABAFC9AC2D7B7D46003BCD78 /* PrimaryLoginButtonView.swift */ = {isa = PBXFileReference; lastKnownFileType = sourcecode.swift; path = PrimaryLoginButtonView.swift; sourceTree = "<group>"; };
		ABAFC9AE2D7CCAB8003BCD78 /* MainTabView.swift */ = {isa = PBXFileReference; lastKnownFileType = sourcecode.swift; path = MainTabView.swift; sourceTree = "<group>"; };
		ABAFC9B42D7CD2DA003BCD78 /* Listing.swift */ = {isa = PBXFileReference; lastKnownFileType = sourcecode.swift; path = Listing.swift; sourceTree = "<group>"; };
		ABAFC9B62D81AB4B003BCD78 /* DeveloperPreview.swift */ = {isa = PBXFileReference; lastKnownFileType = sourcecode.swift; path = DeveloperPreview.swift; sourceTree = "<group>"; };
		ABC3ECAF2D9AAA21009B5A16 /* DateExtensions.swift */ = {isa = PBXFileReference; lastKnownFileType = sourcecode.swift; path = DateExtensions.swift; sourceTree = "<group>"; };
		ABC3ECB42D9CA90C009B5A16 /* ListingExtensions.swift */ = {isa = PBXFileReference; lastKnownFileType = sourcecode.swift; path = ListingExtensions.swift; sourceTree = "<group>"; };
		ABCF85D32D6F7FA000872850 /* AirbnbTutorial.app */ = {isa = PBXFileReference; explicitFileType = wrapper.application; includeInIndex = 0; path = AirbnbTutorial.app; sourceTree = BUILT_PRODUCTS_DIR; };
		ABCF86062D70A7E200872850 /* Preview Assets.xcassets */ = {isa = PBXFileReference; lastKnownFileType = folder.assetcatalog; path = "Preview Assets.xcassets"; sourceTree = "<group>"; };
		ABCF86082D70A7E200872850 /* AirbnbTutorialApp.swift */ = {isa = PBXFileReference; lastKnownFileType = sourcecode.swift; path = AirbnbTutorialApp.swift; sourceTree = "<group>"; };
		ABCF86092D70A7E200872850 /* Assets.xcassets */ = {isa = PBXFileReference; lastKnownFileType = folder.assetcatalog; path = Assets.xcassets; sourceTree = "<group>"; };
		ABCF860A2D70A7E200872850 /* ContentView.swift */ = {isa = PBXFileReference; lastKnownFileType = sourcecode.swift; path = ContentView.swift; sourceTree = "<group>"; };
		ABCF861E2D70A98400872850 /* ExploreView.swift */ = {isa = PBXFileReference; lastKnownFileType = sourcecode.swift; path = ExploreView.swift; sourceTree = "<group>"; };
		ABCF86202D72453500872850 /* ListingItemView.swift */ = {isa = PBXFileReference; lastKnownFileType = sourcecode.swift; path = ListingItemView.swift; sourceTree = "<group>"; };
		ABCF86222D738E0500872850 /* SearchAndFilterBar.swift */ = {isa = PBXFileReference; lastKnownFileType = sourcecode.swift; path = SearchAndFilterBar.swift; sourceTree = "<group>"; };
		ABCF86242D74FE5A00872850 /* ListingDetailView.swift */ = {isa = PBXFileReference; lastKnownFileType = sourcecode.swift; path = ListingDetailView.swift; sourceTree = "<group>"; };
		ABCF86272D74FF5900872850 /* ListingImageCarouselView.swift */ = {isa = PBXFileReference; lastKnownFileType = sourcecode.swift; path = ListingImageCarouselView.swift; sourceTree = "<group>"; };
		ABCF86292D7502FD00872850 /* RatingView.swift */ = {isa = PBXFileReference; lastKnownFileType = sourcecode.swift; path = RatingView.swift; sourceTree = "<group>"; };
		ABCF862B2D778CBC00872850 /* DestinationSearchView.swift */ = {isa = PBXFileReference; lastKnownFileType = sourcecode.swift; path = DestinationSearchView.swift; sourceTree = "<group>"; };
/* End PBXFileReference section */

/* Begin PBXFrameworksBuildPhase section */
		ABCF85D02D6F7FA000872850 /* Frameworks */ = {
			isa = PBXFrameworksBuildPhase;
			buildActionMask = 2147483647;
			files = (
			);
			runOnlyForDeploymentPostprocessing = 0;
		};
/* End PBXFrameworksBuildPhase section */

/* Begin PBXGroup section */
		AB3BBBF82D84BEF8001434F2 /* ViewModel */ = {
			isa = PBXGroup;
			children = (
				AB3BBBFB2D84BF3E001434F2 /* ExploreViewModel.swift */,
			);
			path = ViewModel;
			sourceTree = "<group>";
		};
		AB3BBBF92D84BEFB001434F2 /* View */ = {
			isa = PBXGroup;
			children = (
				ABCF861E2D70A98400872850 /* ExploreView.swift */,
				ABCF86222D738E0500872850 /* SearchAndFilterBar.swift */,
				ABCF862B2D778CBC00872850 /* DestinationSearchView.swift */,
			);
			path = View;
			sourceTree = "<group>";
		};
		AB3BBBFA2D84BEFD001434F2 /* Service */ = {
			isa = PBXGroup;
			children = (
				AB3BBBFD2D84C37B001434F2 /* ExploreService.swift */,
			);
			path = Service;
			sourceTree = "<group>";
		};
		AB8153692DA9B2A1008157E6 /* Authentication */ = {
			isa = PBXGroup;
			children = (
				AB81536A2DA9B2C1008157E6 /* Model */,
				AB81536C2DA9B2CB008157E6 /* View */,
				AB81536B2DA9B2C9008157E6 /* ViewModel */,
			);
			path = Authentication;
			sourceTree = "<group>";
		};
		AB81536A2DA9B2C1008157E6 /* Model */ = {
			isa = PBXGroup;
			children = (
				AB81536D2DA9B414008157E6 /* User.swift */,
			);
			path = Model;
			sourceTree = "<group>";
		};
		AB81536B2DA9B2C9008157E6 /* ViewModel */ = {
			isa = PBXGroup;
			children = (
				AB81536F2DAAB69A008157E6 /* AuthViewModel.swift */,
			);
			path = ViewModel;
			sourceTree = "<group>";
		};
		AB81536C2DA9B2CB008157E6 /* View */ = {
			isa = PBXGroup;
			children = (
				AB0BC5FA2DB432BE007058EA /* LoginView.swift */,
			);
			path = View;
			sourceTree = "<group>";
		};
		ABAFC9B02D7CD29D003BCD78 /* View */ = {
			isa = PBXGroup;
			children = (
				ABCF86202D72453500872850 /* ListingItemView.swift */,
				ABCF86242D74FE5A00872850 /* ListingDetailView.swift */,
			);
			path = View;
			sourceTree = "<group>";
		};
		ABAFC9B12D7CD2A0003BCD78 /* Model */ = {
			isa = PBXGroup;
			children = (
				ABAFC9B42D7CD2DA003BCD78 /* Listing.swift */,
			);
			path = Model;
			sourceTree = "<group>";
		};
		ABC3ECB12D9C9F6A009B5A16 /* Utilities */ = {
			isa = PBXGroup;
			children = (
			);
			path = Utilities;
			sourceTree = "<group>";
		};
		ABCF85CA2D6F7FA000872850 = {
			isa = PBXGroup;
			children = (
				ABCF860B2D70A7E200872850 /* AirbnbTutorial */,
				ABCF85D42D6F7FA000872850 /* Products */,
			);
			sourceTree = "<group>";
		};
		ABCF85D42D6F7FA000872850 /* Products */ = {
			isa = PBXGroup;
			children = (
				ABCF85D32D6F7FA000872850 /* AirbnbTutorial.app */,
			);
			name = Products;
			sourceTree = "<group>";
		};
		ABCF86052D70A7E200872850 /* App */ = {
			isa = PBXGroup;
			children = (
				ABCF86152D70A89500872850 /* Utils */,
				ABCF86082D70A7E200872850 /* AirbnbTutorialApp.swift */,
			);
			path = App;
			sourceTree = "<group>";
		};
		ABCF86072D70A7E200872850 /* Preview Content */ = {
			isa = PBXGroup;
			children = (
				ABCF86062D70A7E200872850 /* Preview Assets.xcassets */,
			);
			path = "Preview Content";
			sourceTree = "<group>";
		};
		ABCF860B2D70A7E200872850 /* AirbnbTutorial */ = {
			isa = PBXGroup;
			children = (
				ABCF86052D70A7E200872850 /* App */,
				ABCF86112D70A82700872850 /* Core */,
				ABCF86122D70A82F00872850 /* Extensions */,
				ABCF86132D70A83500872850 /* Models */,
				ABCF86092D70A7E200872850 /* Assets.xcassets */,
				ABCF860A2D70A7E200872850 /* ContentView.swift */,
				ABCF86072D70A7E200872850 /* Preview Content */,
				ABAFC9A42D7B6F83003BCD78 /* README.md */,
			);
			path = AirbnbTutorial;
			sourceTree = "<group>";
		};
		ABCF86112D70A82700872850 /* Core */ = {
			isa = PBXGroup;
			children = (
				AB8153692DA9B2A1008157E6 /* Authentication */,
				ABC3ECB12D9C9F6A009B5A16 /* Utilities */,
				ABCF86262D74FF4200872850 /* Components */,
				ABCF86162D70A8DD00872850 /* Explore */,
				ABCF86182D70A8EC00872850 /* Listing */,
				ABCF86192D70A8F200872850 /* Map View */,
				ABCF861A2D70A90C00872850 /* Profile */,
				ABCF861B2D70A91000872850 /* Root */,
				ABCF861C2D70A91800872850 /* TabBar */,
				ABCF861D2D70A91F00872850 /* WishList */,
			);
			path = Core;
			sourceTree = "<group>";
		};
		ABCF86122D70A82F00872850 /* Extensions */ = {
			isa = PBXGroup;
			children = (
				ABC3ECAF2D9AAA21009B5A16 /* DateExtensions.swift */,
				ABAFC9B62D81AB4B003BCD78 /* DeveloperPreview.swift */,
				ABC3ECB42D9CA90C009B5A16 /* ListingExtensions.swift */,
			);
			path = Extensions;
			sourceTree = "<group>";
		};
		ABCF86132D70A83500872850 /* Models */ = {
			isa = PBXGroup;
			children = (
			);
			path = Models;
			sourceTree = "<group>";
		};
		ABCF86152D70A89500872850 /* Utils */ = {
			isa = PBXGroup;
			children = (
			);
			path = Utils;
			sourceTree = "<group>";
		};
		ABCF86162D70A8DD00872850 /* Explore */ = {
			isa = PBXGroup;
			children = (
				AB3BBBFA2D84BEFD001434F2 /* Service */,
				AB3BBBF92D84BEFB001434F2 /* View */,
				AB3BBBF82D84BEF8001434F2 /* ViewModel */,
			);
			path = Explore;
			sourceTree = "<group>";
		};
		ABCF86182D70A8EC00872850 /* Listing */ = {
			isa = PBXGroup;
			children = (
				ABAFC9B12D7CD2A0003BCD78 /* Model */,
				ABAFC9B02D7CD29D003BCD78 /* View */,
			);
			path = Listing;
			sourceTree = "<group>";
		};
		ABCF86192D70A8F200872850 /* Map View */ = {
			isa = PBXGroup;
			children = (
				AB849BF02DA01EB80000454D /* ListingMapView.swift */,
			);
			path = "Map View";
			sourceTree = "<group>";
		};
		ABCF861A2D70A90C00872850 /* Profile */ = {
			isa = PBXGroup;
			children = (
				ABAFC9A62D7B6FDA003BCD78 /* ProfileView.swift */,
				ABAFC9A82D7B7473003BCD78 /* ProfileOptionRowView.swift */,
			);
			path = Profile;
			sourceTree = "<group>";
		};
		ABCF861B2D70A91000872850 /* Root */ = {
			isa = PBXGroup;
			children = (
			);
			path = Root;
			sourceTree = "<group>";
		};
		ABCF861C2D70A91800872850 /* TabBar */ = {
			isa = PBXGroup;
			children = (
				ABAFC9AE2D7CCAB8003BCD78 /* MainTabView.swift */,
			);
			path = TabBar;
			sourceTree = "<group>";
		};
		ABCF861D2D70A91F00872850 /* WishList */ = {
			isa = PBXGroup;
			children = (
				ABAFC9AA2D7B795B003BCD78 /* WishlistView.swift */,
			);
			path = WishList;
			sourceTree = "<group>";
		};
		ABCF86262D74FF4200872850 /* Components */ = {
			isa = PBXGroup;
			children = (
				ABCF86272D74FF5900872850 /* ListingImageCarouselView.swift */,
				ABCF86292D7502FD00872850 /* RatingView.swift */,
				ABAFC9AC2D7B7D46003BCD78 /* PrimaryLoginButtonView.swift */,
				AB0BC5FC2DB810AF007058EA /* SocialLoginButton.swift */,
			);
			path = Components;
			sourceTree = "<group>";
		};
/* End PBXGroup section */

/* Begin PBXNativeTarget section */
		ABCF85D22D6F7FA000872850 /* AirbnbTutorial */ = {
			isa = PBXNativeTarget;
			buildConfigurationList = ABCF85E12D6F7FA200872850 /* Build configuration list for PBXNativeTarget "AirbnbTutorial" */;
			buildPhases = (
				ABCF85CF2D6F7FA000872850 /* Sources */,
				ABCF85D02D6F7FA000872850 /* Frameworks */,
				ABCF85D12D6F7FA000872850 /* Resources */,
			);
			buildRules = (
			);
			dependencies = (
			);
			name = AirbnbTutorial;
			packageProductDependencies = (
			);
			productName = AirbnbTutorial;
			productReference = ABCF85D32D6F7FA000872850 /* AirbnbTutorial.app */;
			productType = "com.apple.product-type.application";
		};
/* End PBXNativeTarget section */

/* Begin PBXProject section */
		ABCF85CB2D6F7FA000872850 /* Project object */ = {
			isa = PBXProject;
			attributes = {
				BuildIndependentTargetsInParallel = 1;
				LastSwiftUpdateCheck = 1620;
				LastUpgradeCheck = 1620;
				TargetAttributes = {
					ABCF85D22D6F7FA000872850 = {
						CreatedOnToolsVersion = 16.2;
					};
				};
			};
			buildConfigurationList = ABCF85CE2D6F7FA000872850 /* Build configuration list for PBXProject "AirbnbTutorial" */;
			developmentRegion = en;
			hasScannedForEncodings = 0;
			knownRegions = (
				en,
				Base,
			);
			mainGroup = ABCF85CA2D6F7FA000872850;
			minimizedProjectReferenceProxies = 1;
			preferredProjectObjectVersion = 77;
			productRefGroup = ABCF85D42D6F7FA000872850 /* Products */;
			projectDirPath = "";
			projectRoot = "";
			targets = (
				ABCF85D22D6F7FA000872850 /* AirbnbTutorial */,
			);
		};
/* End PBXProject section */

/* Begin PBXResourcesBuildPhase section */
		ABCF85D12D6F7FA000872850 /* Resources */ = {
			isa = PBXResourcesBuildPhase;
			buildActionMask = 2147483647;
			files = (
				ABAFC9A52D7B6F83003BCD78 /* README.md in Resources */,
				ABCF860C2D70A7E200872850 /* Preview Assets.xcassets in Resources */,
				ABCF860D2D70A7E200872850 /* Assets.xcassets in Resources */,
			);
			runOnlyForDeploymentPostprocessing = 0;
		};
/* End PBXResourcesBuildPhase section */

/* Begin PBXSourcesBuildPhase section */
		ABCF85CF2D6F7FA000872850 /* Sources */ = {
			isa = PBXSourcesBuildPhase;
			buildActionMask = 2147483647;
			files = (
				ABCF86282D74FF5900872850 /* ListingImageCarouselView.swift in Sources */,
				ABAFC9A92D7B7473003BCD78 /* ProfileOptionRowView.swift in Sources */,
				AB0BC5FD2DB810AF007058EA /* SocialLoginButton.swift in Sources */,
				ABCF860E2D70A7E200872850 /* AirbnbTutorialApp.swift in Sources */,
				ABAFC9A72D7B6FDA003BCD78 /* ProfileView.swift in Sources */,
				ABCF86212D72453500872850 /* ListingItemView.swift in Sources */,
				ABCF862A2D7502FD00872850 /* RatingView.swift in Sources */,
				AB0BC5FB2DB432BE007058EA /* LoginView.swift in Sources */,
				ABC3ECB52D9CA90C009B5A16 /* ListingExtensions.swift in Sources */,
				AB849BF12DA01EB80000454D /* ListingMapView.swift in Sources */,
				ABC3ECB02D9AAA2C009B5A16 /* DateExtensions.swift in Sources */,
				ABAFC9AD2D7B7D46003BCD78 /* PrimaryLoginButtonView.swift in Sources */,
				AB81536E2DA9B414008157E6 /* User.swift in Sources */,
				AB3BBBFE2D84C37B001434F2 /* ExploreService.swift in Sources */,
				ABCF861F2D70A98400872850 /* ExploreView.swift in Sources */,
				ABAFC9AB2D7B795B003BCD78 /* WishlistView.swift in Sources */,
				AB3BBBFC2D84BF3E001434F2 /* ExploreViewModel.swift in Sources */,
				ABAFC9B72D81AB4B003BCD78 /* DeveloperPreview.swift in Sources */,
				ABCF862C2D778CBC00872850 /* DestinationSearchView.swift in Sources */,
				AB8153702DAAB69A008157E6 /* AuthViewModel.swift in Sources */,
				ABAFC9B52D7CD2DA003BCD78 /* Listing.swift in Sources */,
				ABCF86232D738E0500872850 /* SearchAndFilterBar.swift in Sources */,
				ABAFC9AF2D7CCAB8003BCD78 /* MainTabView.swift in Sources */,
				ABCF86252D74FE5A00872850 /* ListingDetailView.swift in Sources */,
				ABCF860F2D70A7E200872850 /* ContentView.swift in Sources */,
			);
			runOnlyForDeploymentPostprocessing = 0;
		};
/* End PBXSourcesBuildPhase section */

/* Begin XCBuildConfiguration section */
		ABCF85DF2D6F7FA200872850 /* Debug */ = {
			isa = XCBuildConfiguration;
			buildSettings = {
				ALWAYS_SEARCH_USER_PATHS = NO;
				ASSETCATALOG_COMPILER_GENERATE_SWIFT_ASSET_SYMBOL_EXTENSIONS = YES;
				CLANG_ANALYZER_NONNULL = YES;
				CLANG_ANALYZER_NUMBER_OBJECT_CONVERSION = YES_AGGRESSIVE;
				CLANG_CXX_LANGUAGE_STANDARD = "gnu++20";
				CLANG_ENABLE_MODULES = YES;
				CLANG_ENABLE_OBJC_ARC = YES;
				CLANG_ENABLE_OBJC_WEAK = YES;
				CLANG_WARN_BLOCK_CAPTURE_AUTORELEASING = YES;
				CLANG_WARN_BOOL_CONVERSION = YES;
				CLANG_WARN_COMMA = YES;
				CLANG_WARN_CONSTANT_CONVERSION = YES;
				CLANG_WARN_DEPRECATED_OBJC_IMPLEMENTATIONS = YES;
				CLANG_WARN_DIRECT_OBJC_ISA_USAGE = YES_ERROR;
				CLANG_WARN_DOCUMENTATION_COMMENTS = YES;
				CLANG_WARN_EMPTY_BODY = YES;
				CLANG_WARN_ENUM_CONVERSION = YES;
				CLANG_WARN_INFINITE_RECURSION = YES;
				CLANG_WARN_INT_CONVERSION = YES;
				CLANG_WARN_NON_LITERAL_NULL_CONVERSION = YES;
				CLANG_WARN_OBJC_IMPLICIT_RETAIN_SELF = YES;
				CLANG_WARN_OBJC_LITERAL_CONVERSION = YES;
				CLANG_WARN_OBJC_ROOT_CLASS = YES_ERROR;
				CLANG_WARN_QUOTED_INCLUDE_IN_FRAMEWORK_HEADER = YES;
				CLANG_WARN_RANGE_LOOP_ANALYSIS = YES;
				CLANG_WARN_STRICT_PROTOTYPES = YES;
				CLANG_WARN_SUSPICIOUS_MOVE = YES;
				CLANG_WARN_UNGUARDED_AVAILABILITY = YES_AGGRESSIVE;
				CLANG_WARN_UNREACHABLE_CODE = YES;
				CLANG_WARN__DUPLICATE_METHOD_MATCH = YES;
				COPY_PHASE_STRIP = NO;
				DEBUG_INFORMATION_FORMAT = dwarf;
				ENABLE_STRICT_OBJC_MSGSEND = YES;
				ENABLE_TESTABILITY = YES;
				ENABLE_USER_SCRIPT_SANDBOXING = YES;
				GCC_C_LANGUAGE_STANDARD = gnu17;
				GCC_DYNAMIC_NO_PIC = NO;
				GCC_NO_COMMON_BLOCKS = YES;
				GCC_OPTIMIZATION_LEVEL = 0;
				GCC_PREPROCESSOR_DEFINITIONS = (
					"DEBUG=1",
					"$(inherited)",
				);
				GCC_WARN_64_TO_32_BIT_CONVERSION = YES;
				GCC_WARN_ABOUT_RETURN_TYPE = YES_ERROR;
				GCC_WARN_UNDECLARED_SELECTOR = YES;
				GCC_WARN_UNINITIALIZED_AUTOS = YES_AGGRESSIVE;
				GCC_WARN_UNUSED_FUNCTION = YES;
				GCC_WARN_UNUSED_VARIABLE = YES;
				IPHONEOS_DEPLOYMENT_TARGET = 18.2;
				LOCALIZATION_PREFERS_STRING_CATALOGS = YES;
				MTL_ENABLE_DEBUG_INFO = INCLUDE_SOURCE;
				MTL_FAST_MATH = YES;
				ONLY_ACTIVE_ARCH = YES;
				SDKROOT = iphoneos;
				SWIFT_ACTIVE_COMPILATION_CONDITIONS = "DEBUG $(inherited)";
				SWIFT_OPTIMIZATION_LEVEL = "-Onone";
			};
			name = Debug;
		};
		ABCF85E02D6F7FA200872850 /* Release */ = {
			isa = XCBuildConfiguration;
			buildSettings = {
				ALWAYS_SEARCH_USER_PATHS = NO;
				ASSETCATALOG_COMPILER_GENERATE_SWIFT_ASSET_SYMBOL_EXTENSIONS = YES;
				CLANG_ANALYZER_NONNULL = YES;
				CLANG_ANALYZER_NUMBER_OBJECT_CONVERSION = YES_AGGRESSIVE;
				CLANG_CXX_LANGUAGE_STANDARD = "gnu++20";
				CLANG_ENABLE_MODULES = YES;
				CLANG_ENABLE_OBJC_ARC = YES;
				CLANG_ENABLE_OBJC_WEAK = YES;
				CLANG_WARN_BLOCK_CAPTURE_AUTORELEASING = YES;
				CLANG_WARN_BOOL_CONVERSION = YES;
				CLANG_WARN_COMMA = YES;
				CLANG_WARN_CONSTANT_CONVERSION = YES;
				CLANG_WARN_DEPRECATED_OBJC_IMPLEMENTATIONS = YES;
				CLANG_WARN_DIRECT_OBJC_ISA_USAGE = YES_ERROR;
				CLANG_WARN_DOCUMENTATION_COMMENTS = YES;
				CLANG_WARN_EMPTY_BODY = YES;
				CLANG_WARN_ENUM_CONVERSION = YES;
				CLANG_WARN_INFINITE_RECURSION = YES;
				CLANG_WARN_INT_CONVERSION = YES;
				CLANG_WARN_NON_LITERAL_NULL_CONVERSION = YES;
				CLANG_WARN_OBJC_IMPLICIT_RETAIN_SELF = YES;
				CLANG_WARN_OBJC_LITERAL_CONVERSION = YES;
				CLANG_WARN_OBJC_ROOT_CLASS = YES_ERROR;
				CLANG_WARN_QUOTED_INCLUDE_IN_FRAMEWORK_HEADER = YES;
				CLANG_WARN_RANGE_LOOP_ANALYSIS = YES;
				CLANG_WARN_STRICT_PROTOTYPES = YES;
				CLANG_WARN_SUSPICIOUS_MOVE = YES;
				CLANG_WARN_UNGUARDED_AVAILABILITY = YES_AGGRESSIVE;
				CLANG_WARN_UNREACHABLE_CODE = YES;
				CLANG_WARN__DUPLICATE_METHOD_MATCH = YES;
				COPY_PHASE_STRIP = NO;
				DEBUG_INFORMATION_FORMAT = "dwarf-with-dsym";
				ENABLE_NS_ASSERTIONS = NO;
				ENABLE_STRICT_OBJC_MSGSEND = YES;
				ENABLE_USER_SCRIPT_SANDBOXING = YES;
				GCC_C_LANGUAGE_STANDARD = gnu17;
				GCC_NO_COMMON_BLOCKS = YES;
				GCC_WARN_64_TO_32_BIT_CONVERSION = YES;
				GCC_WARN_ABOUT_RETURN_TYPE = YES_ERROR;
				GCC_WARN_UNDECLARED_SELECTOR = YES;
				GCC_WARN_UNINITIALIZED_AUTOS = YES_AGGRESSIVE;
				GCC_WARN_UNUSED_FUNCTION = YES;
				GCC_WARN_UNUSED_VARIABLE = YES;
				IPHONEOS_DEPLOYMENT_TARGET = 18.2;
				LOCALIZATION_PREFERS_STRING_CATALOGS = YES;
				MTL_ENABLE_DEBUG_INFO = NO;
				MTL_FAST_MATH = YES;
				SDKROOT = iphoneos;
				SWIFT_COMPILATION_MODE = wholemodule;
				VALIDATE_PRODUCT = YES;
			};
			name = Release;
		};
		ABCF85E22D6F7FA200872850 /* Debug */ = {
			isa = XCBuildConfiguration;
			buildSettings = {
				ASSETCATALOG_COMPILER_APPICON_NAME = AppIcon;
				ASSETCATALOG_COMPILER_GLOBAL_ACCENT_COLOR_NAME = AccentColor;
				CODE_SIGN_STYLE = Automatic;
				CURRENT_PROJECT_VERSION = 1;
				DEVELOPMENT_ASSET_PATHS = "\"AirbnbTutorial/Preview Content\"";
				ENABLE_PREVIEWS = YES;
				GENERATE_INFOPLIST_FILE = YES;
				INFOPLIST_KEY_UIApplicationSceneManifest_Generation = YES;
				INFOPLIST_KEY_UIApplicationSupportsIndirectInputEvents = YES;
				INFOPLIST_KEY_UILaunchScreen_Generation = YES;
				INFOPLIST_KEY_UISupportedInterfaceOrientations_iPad = "UIInterfaceOrientationPortrait UIInterfaceOrientationPortraitUpsideDown UIInterfaceOrientationLandscapeLeft UIInterfaceOrientationLandscapeRight";
				INFOPLIST_KEY_UISupportedInterfaceOrientations_iPhone = "UIInterfaceOrientationPortrait UIInterfaceOrientationLandscapeLeft UIInterfaceOrientationLandscapeRight";
				LD_RUNPATH_SEARCH_PATHS = (
					"$(inherited)",
					"@executable_path/Frameworks",
				);
				MARKETING_VERSION = 1.0;
				PRODUCT_BUNDLE_IDENTIFIER = come.iju.AirbnbTutorial;
				PRODUCT_NAME = "$(TARGET_NAME)";
				SWIFT_EMIT_LOC_STRINGS = YES;
				SWIFT_VERSION = 5.0;
				TARGETED_DEVICE_FAMILY = "1,2";
			};
			name = Debug;
		};
		ABCF85E32D6F7FA200872850 /* Release */ = {
			isa = XCBuildConfiguration;
			buildSettings = {
				ASSETCATALOG_COMPILER_APPICON_NAME = AppIcon;
				ASSETCATALOG_COMPILER_GLOBAL_ACCENT_COLOR_NAME = AccentColor;
				CODE_SIGN_STYLE = Automatic;
				CURRENT_PROJECT_VERSION = 1;
				DEVELOPMENT_ASSET_PATHS = "\"AirbnbTutorial/Preview Content\"";
				ENABLE_PREVIEWS = YES;
				GENERATE_INFOPLIST_FILE = YES;
				INFOPLIST_KEY_UIApplicationSceneManifest_Generation = YES;
				INFOPLIST_KEY_UIApplicationSupportsIndirectInputEvents = YES;
				INFOPLIST_KEY_UILaunchScreen_Generation = YES;
				INFOPLIST_KEY_UISupportedInterfaceOrientations_iPad = "UIInterfaceOrientationPortrait UIInterfaceOrientationPortraitUpsideDown UIInterfaceOrientationLandscapeLeft UIInterfaceOrientationLandscapeRight";
				INFOPLIST_KEY_UISupportedInterfaceOrientations_iPhone = "UIInterfaceOrientationPortrait UIInterfaceOrientationLandscapeLeft UIInterfaceOrientationLandscapeRight";
				LD_RUNPATH_SEARCH_PATHS = (
					"$(inherited)",
					"@executable_path/Frameworks",
				);
				MARKETING_VERSION = 1.0;
				PRODUCT_BUNDLE_IDENTIFIER = come.iju.AirbnbTutorial;
				PRODUCT_NAME = "$(TARGET_NAME)";
				SWIFT_EMIT_LOC_STRINGS = YES;
				SWIFT_VERSION = 5.0;
				TARGETED_DEVICE_FAMILY = "1,2";
			};
			name = Release;
		};
/* End XCBuildConfiguration section */

/* Begin XCConfigurationList section */
		ABCF85CE2D6F7FA000872850 /* Build configuration list for PBXProject "AirbnbTutorial" */ = {
			isa = XCConfigurationList;
			buildConfigurations = (
				ABCF85DF2D6F7FA200872850 /* Debug */,
				ABCF85E02D6F7FA200872850 /* Release */,
			);
			defaultConfigurationIsVisible = 0;
			defaultConfigurationName = Release;
		};
		ABCF85E12D6F7FA200872850 /* Build configuration list for PBXNativeTarget "AirbnbTutorial" */ = {
			isa = XCConfigurationList;
			buildConfigurations = (
				ABCF85E22D6F7FA200872850 /* Debug */,
				ABCF85E32D6F7FA200872850 /* Release */,
			);
			defaultConfigurationIsVisible = 0;
			defaultConfigurationName = Release;
		};
/* End XCConfigurationList section */
	};
	rootObject = ABCF85CB2D6F7FA000872850 /* Project object */;
}
